
Microsoft Visual Studio Solution File, Format Version 12.00
# Visual Studio Version 16
VisualStudioVersion = 16.0.30804.86
MinimumVisualStudioVersion = 10.0.40219.1
Project("{FAE04EC0-301F-11D3-BF4B-00C04F79EFBC}") = "SpaceIvaders_2020", "SpaceIvaders_2020\SpaceIvaders_2020.csproj", "{4B4AC6E4-CE0B-45F2-9267-CDB4F738CAFF}"
EndProject
Global
	GlobalSection(SolutionConfigurationPlatforms) = preSolution
		Debug|Any CPU = Debug|Any CPU
		Release|Any CPU = Release|Any CPU
	EndGlobalSection
	GlobalSection(ProjectConfigurationPlatforms) = postSolution
		{4B4AC6E4-CE0B-45F2-9267-CDB4F738CAFF}.Debug|Any CPU.ActiveCfg = Debug|Any CPU
		{4B4AC6E4-CE0B-45F2-9267-CDB4F738CAFF}.Debug|Any CPU.Build.0 = Debug|Any CPU
		{4B4AC6E4-CE0B-45F2-9267-CDB4F738CAFF}.Release|Any CPU.ActiveCfg = Release|Any CPU
		{4B4AC6E4-CE0B-45F2-9267-CDB4F738CAFF}.Release|Any CPU.Build.0 = Release|Any CPU
	EndGlobalSection
	GlobalSection(SolutionProperties) = preSolution
		HideSolutionNode = FALSE
	EndGlobalSection
	GlobalSection(ExtensibilityGlobals) = postSolution
		SolutionGuid = {FA99B629-470E-4E1C-A98F-7531C6FDADF9}
	EndGlobalSection
EndGlobal
